
Microsoft Visual Studio Solution File, Format Version 12.00
# Visual Studio Version 16
VisualStudioVersion = 16.0.31729.503
MinimumVisualStudioVersion = 10.0.40219.1
Project("{FAE04EC0-301F-11D3-BF4B-00C04F79EFBC}") = "RabbitMQ_NewTask", "RabbitMQ_NewTask\RabbitMQ_NewTask.csproj", "{B1461A40-D467-45FF-BE0A-00E8E8BE2663}"
EndProject
Global
	GlobalSection(SolutionConfigurationPlatforms) = preSolution
		Debug|Any CPU = Debug|Any CPU
		Release|Any CPU = Release|Any CPU
	EndGlobalSection
	GlobalSection(ProjectConfigurationPlatforms) = postSolution
		{B1461A40-D467-45FF-BE0A-00E8E8BE2663}.Debug|Any CPU.ActiveCfg = Debug|Any CPU
		{B1461A40-D467-45FF-BE0A-00E8E8BE2663}.Debug|Any CPU.Build.0 = Debug|Any CPU
		{B1461A40-D467-45FF-BE0A-00E8E8BE2663}.Release|Any CPU.ActiveCfg = Release|Any CPU
		{B1461A40-D467-45FF-BE0A-00E8E8BE2663}.Release|Any CPU.Build.0 = Release|Any CPU
	EndGlobalSection
	GlobalSection(SolutionProperties) = preSolution
		HideSolutionNode = FALSE
	EndGlobalSection
	GlobalSection(ExtensibilityGlobals) = postSolution
		SolutionGuid = {A0E6BE9F-92B9-4862-85F8-420EF54759FF}
	EndGlobalSection
EndGlobal
